// !$*UTF8*$!
{
	archiveVersion = 1;
	classes = {
	};
	objectVersion = 56;
	objects = {

/* Begin PBXBuildFile section */
		1F4330501551934ACC1A3CD4 /* Pods_NewProject2.framework in Frameworks */ = {isa = PBXBuildFile; fileRef = 358947B74AE2C349A39F6C96 /* Pods_NewProject2.framework */; };
		5C6654502C0318F000AE426C /* AppDelegate.swift in Sources */ = {isa = PBXBuildFile; fileRef = 5C66544F2C0318F000AE426C /* AppDelegate.swift */; };
		5C6654522C0318F000AE426C /* SceneDelegate.swift in Sources */ = {isa = PBXBuildFile; fileRef = 5C6654512C0318F000AE426C /* SceneDelegate.swift */; };
		5C6654542C0318F000AE426C /* OnBoardingViewController.swift in Sources */ = {isa = PBXBuildFile; fileRef = 5C6654532C0318F000AE426C /* OnBoardingViewController.swift */; };
		5C6654572C0318F000AE426C /* Base in Resources */ = {isa = PBXBuildFile; fileRef = 5C6654562C0318F000AE426C /* Base */; };
		5C6654592C0318F200AE426C /* Assets.xcassets in Resources */ = {isa = PBXBuildFile; fileRef = 5C6654582C0318F200AE426C /* Assets.xcassets */; };
		5C66545C2C0318F200AE426C /* Base in Resources */ = {isa = PBXBuildFile; fileRef = 5C66545B2C0318F200AE426C /* Base */; };
		5C6654642C03211200AE426C /* GoogleService-Info.plist in Resources */ = {isa = PBXBuildFile; fileRef = 5C6654632C03211200AE426C /* GoogleService-Info.plist */; };
		5C6654662C0323C000AE426C /* RegisterViewController.swift in Sources */ = {isa = PBXBuildFile; fileRef = 5C6654652C0323C000AE426C /* RegisterViewController.swift */; };
		5C6654682C0323D700AE426C /* LoginViewController.swift in Sources */ = {isa = PBXBuildFile; fileRef = 5C6654672C0323D700AE426C /* LoginViewController.swift */; };
		5C66546A2C0323EC00AE426C /* ChatViewController.swift in Sources */ = {isa = PBXBuildFile; fileRef = 5C6654692C0323EC00AE426C /* ChatViewController.swift */; };
		5C6654702C033DC700AE426C /* Message.swift in Sources */ = {isa = PBXBuildFile; fileRef = 5C66546F2C033DC700AE426C /* Message.swift */; };
		5C6654772C033E8800AE426C /* MessageTableViewCell.xib in Resources */ = {isa = PBXBuildFile; fileRef = 5C6654762C033E8800AE426C /* MessageTableViewCell.xib */; };
		5C6654782C033E8800AE426C /* MessageTableViewCell.swift in Sources */ = {isa = PBXBuildFile; fileRef = 5C6654752C033E8800AE426C /* MessageTableViewCell.swift */; };
		5C731D242C03B49600EE1983 /* Constants.swift in Sources */ = {isa = PBXBuildFile; fileRef = 5C731D232C03B49600EE1983 /* Constants.swift */; };
		5C731D262C04FD0F00EE1983 /* MainNavController.swift in Sources */ = {isa = PBXBuildFile; fileRef = 5C731D252C04FD0F00EE1983 /* MainNavController.swift */; };
		5C731D282C04FE2400EE1983 /* UIViewController+.swift in Sources */ = {isa = PBXBuildFile; fileRef = 5C731D272C04FE2400EE1983 /* UIViewController+.swift */; };
		5C731D2A2C04FF2900EE1983 /* AppStoryBoard.swift in Sources */ = {isa = PBXBuildFile; fileRef = 5C731D292C04FF2900EE1983 /* AppStoryBoard.swift */; };
		5C731D2C2C051B0400EE1983 /* UserDefaultManager.swift in Sources */ = {isa = PBXBuildFile; fileRef = 5C731D2B2C051B0400EE1983 /* UserDefaultManager.swift */; };
		5C731D2E2C0712D200EE1983 /* FirebaseHelpers.swift in Sources */ = {isa = PBXBuildFile; fileRef = 5C731D2D2C0712D200EE1983 /* FirebaseHelpers.swift */; };
/* End PBXBuildFile section */

/* Begin PBXFileReference section */
		358947B74AE2C349A39F6C96 /* Pods_NewProject2.framework */ = {isa = PBXFileReference; explicitFileType = wrapper.framework; includeInIndex = 0; path = Pods_NewProject2.framework; sourceTree = BUILT_PRODUCTS_DIR; };
		5C66544C2C0318F000AE426C /* NewProject2.app */ = {isa = PBXFileReference; explicitFileType = wrapper.application; includeInIndex = 0; path = NewProject2.app; sourceTree = BUILT_PRODUCTS_DIR; };
		5C66544F2C0318F000AE426C /* AppDelegate.swift */ = {isa = PBXFileReference; lastKnownFileType = sourcecode.swift; path = AppDelegate.swift; sourceTree = "<group>"; };
		5C6654512C0318F000AE426C /* SceneDelegate.swift */ = {isa = PBXFileReference; lastKnownFileType = sourcecode.swift; path = SceneDelegate.swift; sourceTree = "<group>"; };
		5C6654532C0318F000AE426C /* OnBoardingViewController.swift */ = {isa = PBXFileReference; lastKnownFileType = sourcecode.swift; path = OnBoardingViewController.swift; sourceTree = "<group>"; };
		5C6654562C0318F000AE426C /* Base */ = {isa = PBXFileReference; lastKnownFileType = file.storyboard; name = Base; path = Base.lproj/Main.storyboard; sourceTree = "<group>"; };
		5C6654582C0318F200AE426C /* Assets.xcassets */ = {isa = PBXFileReference; lastKnownFileType = folder.assetcatalog; path = Assets.xcassets; sourceTree = "<group>"; };
		5C66545B2C0318F200AE426C /* Base */ = {isa = PBXFileReference; lastKnownFileType = file.storyboard; name = Base; path = Base.lproj/LaunchScreen.storyboard; sourceTree = "<group>"; };
		5C66545D2C0318F200AE426C /* Info.plist */ = {isa = PBXFileReference; lastKnownFileType = text.plist.xml; path = Info.plist; sourceTree = "<group>"; };
		5C6654632C03211200AE426C /* GoogleService-Info.plist */ = {isa = PBXFileReference; fileEncoding = 4; lastKnownFileType = text.plist.xml; path = "GoogleService-Info.plist"; sourceTree = "<group>"; };
		5C6654652C0323C000AE426C /* RegisterViewController.swift */ = {isa = PBXFileReference; lastKnownFileType = sourcecode.swift; path = RegisterViewController.swift; sourceTree = "<group>"; };
		5C6654672C0323D700AE426C /* LoginViewController.swift */ = {isa = PBXFileReference; lastKnownFileType = sourcecode.swift; path = LoginViewController.swift; sourceTree = "<group>"; };
		5C6654692C0323EC00AE426C /* ChatViewController.swift */ = {isa = PBXFileReference; lastKnownFileType = sourcecode.swift; path = ChatViewController.swift; sourceTree = "<group>"; };
		5C66546F2C033DC700AE426C /* Message.swift */ = {isa = PBXFileReference; lastKnownFileType = sourcecode.swift; path = Message.swift; sourceTree = "<group>"; };
		5C6654752C033E8800AE426C /* MessageTableViewCell.swift */ = {isa = PBXFileReference; lastKnownFileType = sourcecode.swift; path = MessageTableViewCell.swift; sourceTree = "<group>"; };
		5C6654762C033E8800AE426C /* MessageTableViewCell.xib */ = {isa = PBXFileReference; lastKnownFileType = file.xib; path = MessageTableViewCell.xib; sourceTree = "<group>"; };
		5C731D232C03B49600EE1983 /* Constants.swift */ = {isa = PBXFileReference; lastKnownFileType = sourcecode.swift; path = Constants.swift; sourceTree = "<group>"; };
		5C731D252C04FD0F00EE1983 /* MainNavController.swift */ = {isa = PBXFileReference; lastKnownFileType = sourcecode.swift; path = MainNavController.swift; sourceTree = "<group>"; };
		5C731D272C04FE2400EE1983 /* UIViewController+.swift */ = {isa = PBXFileReference; lastKnownFileType = sourcecode.swift; path = "UIViewController+.swift"; sourceTree = "<group>"; };
		5C731D292C04FF2900EE1983 /* AppStoryBoard.swift */ = {isa = PBXFileReference; lastKnownFileType = sourcecode.swift; path = AppStoryBoard.swift; sourceTree = "<group>"; };
		5C731D2B2C051B0400EE1983 /* UserDefaultManager.swift */ = {isa = PBXFileReference; lastKnownFileType = sourcecode.swift; path = UserDefaultManager.swift; sourceTree = "<group>"; };
		5C731D2D2C0712D200EE1983 /* FirebaseHelpers.swift */ = {isa = PBXFileReference; lastKnownFileType = sourcecode.swift; path = FirebaseHelpers.swift; sourceTree = "<group>"; };
		6FF82F5F1E2D1D488A353475 /* Pods-NewProject2.debug.xcconfig */ = {isa = PBXFileReference; includeInIndex = 1; lastKnownFileType = text.xcconfig; name = "Pods-NewProject2.debug.xcconfig"; path = "Target Support Files/Pods-NewProject2/Pods-NewProject2.debug.xcconfig"; sourceTree = "<group>"; };
		80669CC2C35957B17D3077C4 /* Pods-NewProject2.release.xcconfig */ = {isa = PBXFileReference; includeInIndex = 1; lastKnownFileType = text.xcconfig; name = "Pods-NewProject2.release.xcconfig"; path = "Target Support Files/Pods-NewProject2/Pods-NewProject2.release.xcconfig"; sourceTree = "<group>"; };
/* End PBXFileReference section */

/* Begin PBXFrameworksBuildPhase section */
		5C6654492C0318F000AE426C /* Frameworks */ = {
			isa = PBXFrameworksBuildPhase;
			buildActionMask = 2147483647;
			files = (
				1F4330501551934ACC1A3CD4 /* Pods_NewProject2.framework in Frameworks */,
			);
			runOnlyForDeploymentPostprocessing = 0;
		};
/* End PBXFrameworksBuildPhase section */

/* Begin PBXGroup section */
		2B69C950383E207B3C5A9A57 /* Pods */ = {
			isa = PBXGroup;
			children = (
				6FF82F5F1E2D1D488A353475 /* Pods-NewProject2.debug.xcconfig */,
				80669CC2C35957B17D3077C4 /* Pods-NewProject2.release.xcconfig */,
			);
			path = Pods;
			sourceTree = "<group>";
		};
		5C6654432C0318F000AE426C = {
			isa = PBXGroup;
			children = (
				5C66544E2C0318F000AE426C /* NewProject2 */,
				5C66544D2C0318F000AE426C /* Products */,
				2B69C950383E207B3C5A9A57 /* Pods */,
				D12F3042EE8EB0F6B593BF67 /* Frameworks */,
			);
			sourceTree = "<group>";
		};
		5C66544D2C0318F000AE426C /* Products */ = {
			isa = PBXGroup;
			children = (
				5C66544C2C0318F000AE426C /* NewProject2.app */,
			);
			name = Products;
			sourceTree = "<group>";
		};
		5C66544E2C0318F000AE426C /* NewProject2 */ = {
			isa = PBXGroup;
			children = (
				5C731D222C03B46C00EE1983 /* Helpers */,
				5C66546E2C033D8900AE426C /* App */,
				5C66546B2C033D4800AE426C /* Model */,
				5C66546C2C033D5200AE426C /* View */,
				5C66546D2C033D6500AE426C /* Controller */,
				5C6654552C0318F000AE426C /* Main.storyboard */,
				5C6654582C0318F200AE426C /* Assets.xcassets */,
				5C66545A2C0318F200AE426C /* LaunchScreen.storyboard */,
				5C66545D2C0318F200AE426C /* Info.plist */,
				5C6654632C03211200AE426C /* GoogleService-Info.plist */,
			);
			path = NewProject2;
			sourceTree = "<group>";
		};
		5C66546B2C033D4800AE426C /* Model */ = {
			isa = PBXGroup;
			children = (
				5C66546F2C033DC700AE426C /* Message.swift */,
			);
			path = Model;
			sourceTree = "<group>";
		};
		5C66546C2C033D5200AE426C /* View */ = {
			isa = PBXGroup;
			children = (
				5C6654752C033E8800AE426C /* MessageTableViewCell.swift */,
				5C6654762C033E8800AE426C /* MessageTableViewCell.xib */,
			);
			path = View;
			sourceTree = "<group>";
		};
		5C66546D2C033D6500AE426C /* Controller */ = {
			isa = PBXGroup;
			children = (
				5C6654532C0318F000AE426C /* OnBoardingViewController.swift */,
				5C6654672C0323D700AE426C /* LoginViewController.swift */,
				5C6654652C0323C000AE426C /* RegisterViewController.swift */,
				5C6654692C0323EC00AE426C /* ChatViewController.swift */,
				5C731D252C04FD0F00EE1983 /* MainNavController.swift */,
			);
			path = Controller;
			sourceTree = "<group>";
		};
		5C66546E2C033D8900AE426C /* App */ = {
			isa = PBXGroup;
			children = (
				5C66544F2C0318F000AE426C /* AppDelegate.swift */,
				5C6654512C0318F000AE426C /* SceneDelegate.swift */,
			);
			path = App;
			sourceTree = "<group>";
		};
		5C731D222C03B46C00EE1983 /* Helpers */ = {
			isa = PBXGroup;
			children = (
				5C731D232C03B49600EE1983 /* Constants.swift */,
				5C731D272C04FE2400EE1983 /* UIViewController+.swift */,
				5C731D292C04FF2900EE1983 /* AppStoryBoard.swift */,
				5C731D2B2C051B0400EE1983 /* UserDefaultManager.swift */,
				5C731D2D2C0712D200EE1983 /* FirebaseHelpers.swift */,
			);
			path = Helpers;
			sourceTree = "<group>";
		};
		D12F3042EE8EB0F6B593BF67 /* Frameworks */ = {
			isa = PBXGroup;
			children = (
				358947B74AE2C349A39F6C96 /* Pods_NewProject2.framework */,
			);
			name = Frameworks;
			sourceTree = "<group>";
		};
/* End PBXGroup section */

/* Begin PBXNativeTarget section */
		5C66544B2C0318F000AE426C /* NewProject2 */ = {
			isa = PBXNativeTarget;
			buildConfigurationList = 5C6654602C0318F200AE426C /* Build configuration list for PBXNativeTarget "NewProject2" */;
			buildPhases = (
				F0C1DA1FA79C5267C994108C /* [CP] Check Pods Manifest.lock */,
				5C6654482C0318F000AE426C /* Sources */,
				5C6654492C0318F000AE426C /* Frameworks */,
				5C66544A2C0318F000AE426C /* Resources */,
				91A20A2634772875691DF490 /* [CP] Embed Pods Frameworks */,
			);
			buildRules = (
			);
			dependencies = (
			);
			name = NewProject2;
			productName = NewProject2;
			productReference = 5C66544C2C0318F000AE426C /* NewProject2.app */;
			productType = "com.apple.product-type.application";
		};
/* End PBXNativeTarget section */

/* Begin PBXProject section */
		5C6654442C0318F000AE426C /* Project object */ = {
			isa = PBXProject;
			attributes = {
				BuildIndependentTargetsInParallel = 1;
				LastSwiftUpdateCheck = 1540;
				LastUpgradeCheck = 1540;
				TargetAttributes = {
					5C66544B2C0318F000AE426C = {
						CreatedOnToolsVersion = 15.4;
					};
				};
			};
			buildConfigurationList = 5C6654472C0318F000AE426C /* Build configuration list for PBXProject "NewProject2" */;
			compatibilityVersion = "Xcode 14.0";
			developmentRegion = en;
			hasScannedForEncodings = 0;
			knownRegions = (
				en,
				Base,
			);
			mainGroup = 5C6654432C0318F000AE426C;
			productRefGroup = 5C66544D2C0318F000AE426C /* Products */;
			projectDirPath = "";
			projectRoot = "";
			targets = (
				5C66544B2C0318F000AE426C /* NewProject2 */,
			);
		};
/* End PBXProject section */

/* Begin PBXResourcesBuildPhase section */
		5C66544A2C0318F000AE426C /* Resources */ = {
			isa = PBXResourcesBuildPhase;
			buildActionMask = 2147483647;
			files = (
				5C6654642C03211200AE426C /* GoogleService-Info.plist in Resources */,
				5C6654592C0318F200AE426C /* Assets.xcassets in Resources */,
				5C6654772C033E8800AE426C /* MessageTableViewCell.xib in Resources */,
				5C66545C2C0318F200AE426C /* Base in Resources */,
				5C6654572C0318F000AE426C /* Base in Resources */,
			);
			runOnlyForDeploymentPostprocessing = 0;
		};
/* End PBXResourcesBuildPhase section */

/* Begin PBXShellScriptBuildPhase section */
		91A20A2634772875691DF490 /* [CP] Embed Pods Frameworks */ = {
			isa = PBXShellScriptBuildPhase;
			buildActionMask = 2147483647;
			files = (
			);
			inputFileListPaths = (
				"${PODS_ROOT}/Target Support Files/Pods-NewProject2/Pods-NewProject2-frameworks-${CONFIGURATION}-input-files.xcfilelist",
			);
			name = "[CP] Embed Pods Frameworks";
			outputFileListPaths = (
				"${PODS_ROOT}/Target Support Files/Pods-NewProject2/Pods-NewProject2-frameworks-${CONFIGURATION}-output-files.xcfilelist",
			);
			runOnlyForDeploymentPostprocessing = 0;
			shellPath = /bin/sh;
			shellScript = "\"${PODS_ROOT}/Target Support Files/Pods-NewProject2/Pods-NewProject2-frameworks.sh\"\n";
			showEnvVarsInLog = 0;
		};
		F0C1DA1FA79C5267C994108C /* [CP] Check Pods Manifest.lock */ = {
			isa = PBXShellScriptBuildPhase;
			buildActionMask = 2147483647;
			files = (
			);
			inputFileListPaths = (
			);
			inputPaths = (
				"${PODS_PODFILE_DIR_PATH}/Podfile.lock",
				"${PODS_ROOT}/Manifest.lock",
			);
			name = "[CP] Check Pods Manifest.lock";
			outputFileListPaths = (
			);
			outputPaths = (
				"$(DERIVED_FILE_DIR)/Pods-NewProject2-checkManifestLockResult.txt",
			);
			runOnlyForDeploymentPostprocessing = 0;
			shellPath = /bin/sh;
			shellScript = "diff \"${PODS_PODFILE_DIR_PATH}/Podfile.lock\" \"${PODS_ROOT}/Manifest.lock\" > /dev/null\nif [ $? != 0 ] ; then\n    # print error to STDERR\n    echo \"error: The sandbox is not in sync with the Podfile.lock. Run 'pod install' or update your CocoaPods installation.\" >&2\n    exit 1\nfi\n# This output is used by Xcode 'outputs' to avoid re-running this script phase.\necho \"SUCCESS\" > \"${SCRIPT_OUTPUT_FILE_0}\"\n";
			showEnvVarsInLog = 0;
		};
/* End PBXShellScriptBuildPhase section */

/* Begin PBXSourcesBuildPhase section */
		5C6654482C0318F000AE426C /* Sources */ = {
			isa = PBXSourcesBuildPhase;
			buildActionMask = 2147483647;
			files = (
				5C6654542C0318F000AE426C /* OnBoardingViewController.swift in Sources */,
				5C6654502C0318F000AE426C /* AppDelegate.swift in Sources */,
				5C6654522C0318F000AE426C /* SceneDelegate.swift in Sources */,
				5C731D282C04FE2400EE1983 /* UIViewController+.swift in Sources */,
				5C731D2A2C04FF2900EE1983 /* AppStoryBoard.swift in Sources */,
				5C6654682C0323D700AE426C /* LoginViewController.swift in Sources */,
				5C66546A2C0323EC00AE426C /* ChatViewController.swift in Sources */,
				5C6654782C033E8800AE426C /* MessageTableViewCell.swift in Sources */,
				5C6654662C0323C000AE426C /* RegisterViewController.swift in Sources */,
				5C731D2C2C051B0400EE1983 /* UserDefaultManager.swift in Sources */,
				5C731D2E2C0712D200EE1983 /* FirebaseHelpers.swift in Sources */,
				5C6654702C033DC700AE426C /* Message.swift in Sources */,
				5C731D242C03B49600EE1983 /* Constants.swift in Sources */,
				5C731D262C04FD0F00EE1983 /* MainNavController.swift in Sources */,
			);
			runOnlyForDeploymentPostprocessing = 0;
		};
/* End PBXSourcesBuildPhase section */

/* Begin PBXVariantGroup section */
		5C6654552C0318F000AE426C /* Main.storyboard */ = {
			isa = PBXVariantGroup;
			children = (
				5C6654562C0318F000AE426C /* Base */,
			);
			name = Main.storyboard;
			sourceTree = "<group>";
		};
		5C66545A2C0318F200AE426C /* LaunchScreen.storyboard */ = {
			isa = PBXVariantGroup;
			children = (
				5C66545B2C0318F200AE426C /* Base */,
			);
			name = LaunchScreen.storyboard;
			sourceTree = "<group>";
		};
/* End PBXVariantGroup section */

/* Begin XCBuildConfiguration section */
		5C66545E2C0318F200AE426C /* Debug */ = {
			isa = XCBuildConfiguration;
			buildSettings = {
				ALWAYS_SEARCH_USER_PATHS = NO;
				ASSETCATALOG_COMPILER_GENERATE_SWIFT_ASSET_SYMBOL_EXTENSIONS = YES;
				CLANG_ANALYZER_NONNULL = YES;
				CLANG_ANALYZER_NUMBER_OBJECT_CONVERSION = YES_AGGRESSIVE;
				CLANG_CXX_LANGUAGE_STANDARD = "gnu++20";
				CLANG_ENABLE_MODULES = YES;
				CLANG_ENABLE_OBJC_ARC = YES;
				CLANG_ENABLE_OBJC_WEAK = YES;
				CLANG_WARN_BLOCK_CAPTURE_AUTORELEASING = YES;
				CLANG_WARN_BOOL_CONVERSION = YES;
				CLANG_WARN_COMMA = YES;
				CLANG_WARN_CONSTANT_CONVERSION = YES;
				CLANG_WARN_DEPRECATED_OBJC_IMPLEMENTATIONS = YES;
				CLANG_WARN_DIRECT_OBJC_ISA_USAGE = YES_ERROR;
				CLANG_WARN_DOCUMENTATION_COMMENTS = YES;
				CLANG_WARN_EMPTY_BODY = YES;
				CLANG_WARN_ENUM_CONVERSION = YES;
				CLANG_WARN_INFINITE_RECURSION = YES;
				CLANG_WARN_INT_CONVERSION = YES;
				CLANG_WARN_NON_LITERAL_NULL_CONVERSION = YES;
				CLANG_WARN_OBJC_IMPLICIT_RETAIN_SELF = YES;
				CLANG_WARN_OBJC_LITERAL_CONVERSION = YES;
				CLANG_WARN_OBJC_ROOT_CLASS = YES_ERROR;
				CLANG_WARN_QUOTED_INCLUDE_IN_FRAMEWORK_HEADER = YES;
				CLANG_WARN_RANGE_LOOP_ANALYSIS = YES;
				CLANG_WARN_STRICT_PROTOTYPES = YES;
				CLANG_WARN_SUSPICIOUS_MOVE = YES;
				CLANG_WARN_UNGUARDED_AVAILABILITY = YES_AGGRESSIVE;
				CLANG_WARN_UNREACHABLE_CODE = YES;
				CLANG_WARN__DUPLICATE_METHOD_MATCH = YES;
				COPY_PHASE_STRIP = NO;
				DEBUG_INFORMATION_FORMAT = dwarf;
				ENABLE_STRICT_OBJC_MSGSEND = YES;
				ENABLE_TESTABILITY = YES;
				ENABLE_USER_SCRIPT_SANDBOXING = NO;
				GCC_C_LANGUAGE_STANDARD = gnu17;
				GCC_DYNAMIC_NO_PIC = NO;
				GCC_NO_COMMON_BLOCKS = YES;
				GCC_OPTIMIZATION_LEVEL = 0;
				GCC_PREPROCESSOR_DEFINITIONS = (
					"DEBUG=1",
					"$(inherited)",
				);
				GCC_WARN_64_TO_32_BIT_CONVERSION = YES;
				GCC_WARN_ABOUT_RETURN_TYPE = YES_ERROR;
				GCC_WARN_UNDECLARED_SELECTOR = YES;
				GCC_WARN_UNINITIALIZED_AUTOS = YES_AGGRESSIVE;
				GCC_WARN_UNUSED_FUNCTION = YES;
				GCC_WARN_UNUSED_VARIABLE = YES;
				IPHONEOS_DEPLOYMENT_TARGET = 17.5;
				LOCALIZATION_PREFERS_STRING_CATALOGS = YES;
				MTL_ENABLE_DEBUG_INFO = INCLUDE_SOURCE;
				MTL_FAST_MATH = YES;
				ONLY_ACTIVE_ARCH = YES;
				SDKROOT = iphoneos;
				SWIFT_ACTIVE_COMPILATION_CONDITIONS = "DEBUG $(inherited)";
				SWIFT_OPTIMIZATION_LEVEL = "-Onone";
			};
			name = Debug;
		};
		5C66545F2C0318F200AE426C /* Release */ = {
			isa = XCBuildConfiguration;
			buildSettings = {
				ALWAYS_SEARCH_USER_PATHS = NO;
				ASSETCATALOG_COMPILER_GENERATE_SWIFT_ASSET_SYMBOL_EXTENSIONS = YES;
				CLANG_ANALYZER_NONNULL = YES;
				CLANG_ANALYZER_NUMBER_OBJECT_CONVERSION = YES_AGGRESSIVE;
				CLANG_CXX_LANGUAGE_STANDARD = "gnu++20";
				CLANG_ENABLE_MODULES = YES;
				CLANG_ENABLE_OBJC_ARC = YES;
				CLANG_ENABLE_OBJC_WEAK = YES;
				CLANG_WARN_BLOCK_CAPTURE_AUTORELEASING = YES;
				CLANG_WARN_BOOL_CONVERSION = YES;
				CLANG_WARN_COMMA = YES;
				CLANG_WARN_CONSTANT_CONVERSION = YES;
				CLANG_WARN_DEPRECATED_OBJC_IMPLEMENTATIONS = YES;
				CLANG_WARN_DIRECT_OBJC_ISA_USAGE = YES_ERROR;
				CLANG_WARN_DOCUMENTATION_COMMENTS = YES;
				CLANG_WARN_EMPTY_BODY = YES;
				CLANG_WARN_ENUM_CONVERSION = YES;
				CLANG_WARN_INFINITE_RECURSION = YES;
				CLANG_WARN_INT_CONVERSION = YES;
				CLANG_WARN_NON_LITERAL_NULL_CONVERSION = YES;
				CLANG_WARN_OBJC_IMPLICIT_RETAIN_SELF = YES;
				CLANG_WARN_OBJC_LITERAL_CONVERSION = YES;
				CLANG_WARN_OBJC_ROOT_CLASS = YES_ERROR;
				CLANG_WARN_QUOTED_INCLUDE_IN_FRAMEWORK_HEADER = YES;
				CLANG_WARN_RANGE_LOOP_ANALYSIS = YES;
				CLANG_WARN_STRICT_PROTOTYPES = YES;
				CLANG_WARN_SUSPICIOUS_MOVE = YES;
				CLANG_WARN_UNGUARDED_AVAILABILITY = YES_AGGRESSIVE;
				CLANG_WARN_UNREACHABLE_CODE = YES;
				CLANG_WARN__DUPLICATE_METHOD_MATCH = YES;
				COPY_PHASE_STRIP = NO;
				DEBUG_INFORMATION_FORMAT = "dwarf-with-dsym";
				ENABLE_NS_ASSERTIONS = NO;
				ENABLE_STRICT_OBJC_MSGSEND = YES;
				ENABLE_USER_SCRIPT_SANDBOXING = NO;
				GCC_C_LANGUAGE_STANDARD = gnu17;
				GCC_NO_COMMON_BLOCKS = YES;
				GCC_WARN_64_TO_32_BIT_CONVERSION = YES;
				GCC_WARN_ABOUT_RETURN_TYPE = YES_ERROR;
				GCC_WARN_UNDECLARED_SELECTOR = YES;
				GCC_WARN_UNINITIALIZED_AUTOS = YES_AGGRESSIVE;
				GCC_WARN_UNUSED_FUNCTION = YES;
				GCC_WARN_UNUSED_VARIABLE = YES;
				IPHONEOS_DEPLOYMENT_TARGET = 17.5;
				LOCALIZATION_PREFERS_STRING_CATALOGS = YES;
				MTL_ENABLE_DEBUG_INFO = NO;
				MTL_FAST_MATH = YES;
				SDKROOT = iphoneos;
				SWIFT_COMPILATION_MODE = wholemodule;
				VALIDATE_PRODUCT = YES;
			};
			name = Release;
		};
		5C6654612C0318F200AE426C /* Debug */ = {
			isa = XCBuildConfiguration;
			baseConfigurationReference = 6FF82F5F1E2D1D488A353475 /* Pods-NewProject2.debug.xcconfig */;
			buildSettings = {
				ASSETCATALOG_COMPILER_APPICON_NAME = AppIcon;
				ASSETCATALOG_COMPILER_GLOBAL_ACCENT_COLOR_NAME = AccentColor;
				CODE_SIGN_STYLE = Automatic;
				CURRENT_PROJECT_VERSION = 1;
				GENERATE_INFOPLIST_FILE = YES;
				INFOPLIST_FILE = NewProject2/Info.plist;
				INFOPLIST_KEY_UIApplicationSupportsIndirectInputEvents = YES;
				INFOPLIST_KEY_UILaunchStoryboardName = LaunchScreen;
				INFOPLIST_KEY_UIMainStoryboardFile = Main;
				INFOPLIST_KEY_UISupportedInterfaceOrientations_iPad = "UIInterfaceOrientationPortrait UIInterfaceOrientationPortraitUpsideDown UIInterfaceOrientationLandscapeLeft UIInterfaceOrientationLandscapeRight";
				INFOPLIST_KEY_UISupportedInterfaceOrientations_iPhone = "UIInterfaceOrientationPortrait UIInterfaceOrientationLandscapeLeft UIInterfaceOrientationLandscapeRight";
				LD_RUNPATH_SEARCH_PATHS = (
					"$(inherited)",
					"@executable_path/Frameworks",
				);
				MARKETING_VERSION = 1.0;
				PRODUCT_BUNDLE_IDENTIFIER = "IOs-Dev-Diyor.NewProject2";
				PRODUCT_NAME = "$(TARGET_NAME)";
				SWIFT_EMIT_LOC_STRINGS = YES;
				SWIFT_VERSION = 5.0;
				TARGETED_DEVICE_FAMILY = "1,2";
			};
			name = Debug;
		};
		5C6654622C0318F200AE426C /* Release */ = {
			isa = XCBuildConfiguration;
			baseConfigurationReference = 80669CC2C35957B17D3077C4 /* Pods-NewProject2.release.xcconfig */;
			buildSettings = {
				ASSETCATALOG_COMPILER_APPICON_NAME = AppIcon;
				ASSETCATALOG_COMPILER_GLOBAL_ACCENT_COLOR_NAME = AccentColor;
				CODE_SIGN_STYLE = Automatic;
				CURRENT_PROJECT_VERSION = 1;
				GENERATE_INFOPLIST_FILE = YES;
				INFOPLIST_FILE = NewProject2/Info.plist;
				INFOPLIST_KEY_UIApplicationSupportsIndirectInputEvents = YES;
				INFOPLIST_KEY_UILaunchStoryboardName = LaunchScreen;
				INFOPLIST_KEY_UIMainStoryboardFile = Main;
				INFOPLIST_KEY_UISupportedInterfaceOrientations_iPad = "UIInterfaceOrientationPortrait UIInterfaceOrientationPortraitUpsideDown UIInterfaceOrientationLandscapeLeft UIInterfaceOrientationLandscapeRight";
				INFOPLIST_KEY_UISupportedInterfaceOrientations_iPhone = "UIInterfaceOrientationPortrait UIInterfaceOrientationLandscapeLeft UIInterfaceOrientationLandscapeRight";
				LD_RUNPATH_SEARCH_PATHS = (
					"$(inherited)",
					"@executable_path/Frameworks",
				);
				MARKETING_VERSION = 1.0;
				PRODUCT_BUNDLE_IDENTIFIER = "IOs-Dev-Diyor.NewProject2";
				PRODUCT_NAME = "$(TARGET_NAME)";
				SWIFT_EMIT_LOC_STRINGS = YES;
				SWIFT_VERSION = 5.0;
				TARGETED_DEVICE_FAMILY = "1,2";
			};
			name = Release;
		};
/* End XCBuildConfiguration section */

/* Begin XCConfigurationList section */
		5C6654472C0318F000AE426C /* Build configuration list for PBXProject "NewProject2" */ = {
			isa = XCConfigurationList;
			buildConfigurations = (
				5C66545E2C0318F200AE426C /* Debug */,
				5C66545F2C0318F200AE426C /* Release */,
			);
			defaultConfigurationIsVisible = 0;
			defaultConfigurationName = Release;
		};
		5C6654602C0318F200AE426C /* Build configuration list for PBXNativeTarget "NewProject2" */ = {
			isa = XCConfigurationList;
			buildConfigurations = (
				5C6654612C0318F200AE426C /* Debug */,
				5C6654622C0318F200AE426C /* Release */,
			);
			defaultConfigurationIsVisible = 0;
			defaultConfigurationName = Release;
		};
/* End XCConfigurationList section */
	};
	rootObject = 5C6654442C0318F000AE426C /* Project object */;
}
